// !$*UTF8*$!
{
	archiveVersion = 1;
	classes = {
	};
	objectVersion = 55;
	objects = {

/* Begin PBXBuildFile section */
		D482383C2838272A001D63CF /* RegisterView.swift in Sources */ = {isa = PBXBuildFile; fileRef = D482383B2838272A001D63CF /* RegisterView.swift */; };
		D482383E28382747001D63CF /* StarterView.swift in Sources */ = {isa = PBXBuildFile; fileRef = D482383D28382747001D63CF /* StarterView.swift */; };
		D48238402838277B001D63CF /* TimeCounter.swift in Sources */ = {isa = PBXBuildFile; fileRef = D482383F2838277B001D63CF /* TimeCounter.swift */; };
		D4823842283827A0001D63CF /* UserManager.swift in Sources */ = {isa = PBXBuildFile; fileRef = D4823841283827A0001D63CF /* UserManager.swift */; };
		D495A2212836AE9C006F6E01 /* StateAndDataFlowSwiftUIApp.swift in Sources */ = {isa = PBXBuildFile; fileRef = D495A2202836AE9C006F6E01 /* StateAndDataFlowSwiftUIApp.swift */; };
		D495A2232836AE9C006F6E01 /* ContentView.swift in Sources */ = {isa = PBXBuildFile; fileRef = D495A2222836AE9C006F6E01 /* ContentView.swift */; };
		D495A2252836AE9D006F6E01 /* Assets.xcassets in Resources */ = {isa = PBXBuildFile; fileRef = D495A2242836AE9D006F6E01 /* Assets.xcassets */; };
		D495A2282836AE9D006F6E01 /* Preview Assets.xcassets in Resources */ = {isa = PBXBuildFile; fileRef = D495A2272836AE9D006F6E01 /* Preview Assets.xcassets */; };
/* End PBXBuildFile section */

/* Begin PBXFileReference section */
		D482383B2838272A001D63CF /* RegisterView.swift */ = {isa = PBXFileReference; lastKnownFileType = sourcecode.swift; path = RegisterView.swift; sourceTree = "<group>"; };
		D482383D28382747001D63CF /* StarterView.swift */ = {isa = PBXFileReference; lastKnownFileType = sourcecode.swift; path = StarterView.swift; sourceTree = "<group>"; };
		D482383F2838277B001D63CF /* TimeCounter.swift */ = {isa = PBXFileReference; lastKnownFileType = sourcecode.swift; path = TimeCounter.swift; sourceTree = "<group>"; };
		D4823841283827A0001D63CF /* UserManager.swift */ = {isa = PBXFileReference; lastKnownFileType = sourcecode.swift; path = UserManager.swift; sourceTree = "<group>"; };
		D495A21D2836AE9C006F6E01 /* StateAndDataFlowSwiftUI.app */ = {isa = PBXFileReference; explicitFileType = wrapper.application; includeInIndex = 0; path = StateAndDataFlowSwiftUI.app; sourceTree = BUILT_PRODUCTS_DIR; };
		D495A2202836AE9C006F6E01 /* StateAndDataFlowSwiftUIApp.swift */ = {isa = PBXFileReference; lastKnownFileType = sourcecode.swift; path = StateAndDataFlowSwiftUIApp.swift; sourceTree = "<group>"; };
		D495A2222836AE9C006F6E01 /* ContentView.swift */ = {isa = PBXFileReference; lastKnownFileType = sourcecode.swift; path = ContentView.swift; sourceTree = "<group>"; };
		D495A2242836AE9D006F6E01 /* Assets.xcassets */ = {isa = PBXFileReference; lastKnownFileType = folder.assetcatalog; path = Assets.xcassets; sourceTree = "<group>"; };
		D495A2272836AE9D006F6E01 /* Preview Assets.xcassets */ = {isa = PBXFileReference; lastKnownFileType = folder.assetcatalog; path = "Preview Assets.xcassets"; sourceTree = "<group>"; };
/* End PBXFileReference section */

/* Begin PBXFrameworksBuildPhase section */
		D495A21A2836AE9C006F6E01 /* Frameworks */ = {
			isa = PBXFrameworksBuildPhase;
			buildActionMask = 2147483647;
			files = (
			);
			runOnlyForDeploymentPostprocessing = 0;
		};
/* End PBXFrameworksBuildPhase section */

/* Begin PBXGroup section */
		D495A2142836AE9C006F6E01 = {
			isa = PBXGroup;
			children = (
				D495A21F2836AE9C006F6E01 /* StateAndDataFlowSwiftUI */,
				D495A21E2836AE9C006F6E01 /* Products */,
			);
			sourceTree = "<group>";
		};
		D495A21E2836AE9C006F6E01 /* Products */ = {
			isa = PBXGroup;
			children = (
				D495A21D2836AE9C006F6E01 /* StateAndDataFlowSwiftUI.app */,
			);
			name = Products;
			sourceTree = "<group>";
		};
		D495A21F2836AE9C006F6E01 /* StateAndDataFlowSwiftUI */ = {
			isa = PBXGroup;
			children = (
				D495A2202836AE9C006F6E01 /* StateAndDataFlowSwiftUIApp.swift */,
				D495A2222836AE9C006F6E01 /* ContentView.swift */,
				D482383B2838272A001D63CF /* RegisterView.swift */,
				D482383D28382747001D63CF /* StarterView.swift */,
				D482383F2838277B001D63CF /* TimeCounter.swift */,
				D4823841283827A0001D63CF /* UserManager.swift */,
				D495A2242836AE9D006F6E01 /* Assets.xcassets */,
				D495A2262836AE9D006F6E01 /* Preview Content */,
			);
			path = StateAndDataFlowSwiftUI;
			sourceTree = "<group>";
		};
		D495A2262836AE9D006F6E01 /* Preview Content */ = {
			isa = PBXGroup;
			children = (
				D495A2272836AE9D006F6E01 /* Preview Assets.xcassets */,
			);
			path = "Preview Content";
			sourceTree = "<group>";
		};
/* End PBXGroup section */

/* Begin PBXNativeTarget section */
		D495A21C2836AE9C006F6E01 /* StateAndDataFlowSwiftUI */ = {
			isa = PBXNativeTarget;
			buildConfigurationList = D495A22B2836AE9D006F6E01 /* Build configuration list for PBXNativeTarget "StateAndDataFlowSwiftUI" */;
			buildPhases = (
				D495A2192836AE9C006F6E01 /* Sources */,
				D495A21A2836AE9C006F6E01 /* Frameworks */,
				D495A21B2836AE9C006F6E01 /* Resources */,
			);
			buildRules = (
			);
			dependencies = (
			);
			name = StateAndDataFlowSwiftUI;
			productName = StateAndDataFlowSwiftUI;
			productReference = D495A21D2836AE9C006F6E01 /* StateAndDataFlowSwiftUI.app */;
			productType = "com.apple.product-type.application";
		};
/* End PBXNativeTarget section */

/* Begin PBXProject section */
		D495A2152836AE9C006F6E01 /* Project object */ = {
			isa = PBXProject;
			attributes = {
				BuildIndependentTargetsInParallel = 1;
				LastSwiftUpdateCheck = 1340;
				LastUpgradeCheck = 1340;
				TargetAttributes = {
					D495A21C2836AE9C006F6E01 = {
						CreatedOnToolsVersion = 13.4;
					};
				};
			};
			buildConfigurationList = D495A2182836AE9C006F6E01 /* Build configuration list for PBXProject "StateAndDataFlowSwiftUI" */;
			compatibilityVersion = "Xcode 13.0";
			developmentRegion = en;
			hasScannedForEncodings = 0;
			knownRegions = (
				en,
				Base,
			);
			mainGroup = D495A2142836AE9C006F6E01;
			productRefGroup = D495A21E2836AE9C006F6E01 /* Products */;
			projectDirPath = "";
			projectRoot = "";
			targets = (
				D495A21C2836AE9C006F6E01 /* StateAndDataFlowSwiftUI */,
			);
		};
/* End PBXProject section */

/* Begin PBXResourcesBuildPhase section */
		D495A21B2836AE9C006F6E01 /* Resources */ = {
			isa = PBXResourcesBuildPhase;
			buildActionMask = 2147483647;
			files = (
				D495A2282836AE9D006F6E01 /* Preview Assets.xcassets in Resources */,
				D495A2252836AE9D006F6E01 /* Assets.xcassets in Resources */,
			);
			runOnlyForDeploymentPostprocessing = 0;
		};
/* End PBXResourcesBuildPhase section */

/* Begin PBXSourcesBuildPhase section */
		D495A2192836AE9C006F6E01 /* Sources */ = {
			isa = PBXSourcesBuildPhase;
			buildActionMask = 2147483647;
			files = (
				D4823842283827A0001D63CF /* UserManager.swift in Sources */,
				D482383C2838272A001D63CF /* RegisterView.swift in Sources */,
				D495A2232836AE9C006F6E01 /* ContentView.swift in Sources */,
				D482383E28382747001D63CF /* StarterView.swift in Sources */,
				D48238402838277B001D63CF /* TimeCounter.swift in Sources */,
				D495A2212836AE9C006F6E01 /* StateAndDataFlowSwiftUIApp.swift in Sources */,
			);
			runOnlyForDeploymentPostprocessing = 0;
		};
/* End PBXSourcesBuildPhase section */

/* Begin XCBuildConfiguration section */
		D495A2292836AE9D006F6E01 /* Debug */ = {
			isa = XCBuildConfiguration;
			buildSettings = {
				ALWAYS_SEARCH_USER_PATHS = NO;
				CLANG_ANALYZER_NONNULL = YES;
				CLANG_ANALYZER_NUMBER_OBJECT_CONVERSION = YES_AGGRESSIVE;
				CLANG_CXX_LANGUAGE_STANDARD = "gnu++17";
				CLANG_ENABLE_MODULES = YES;
				CLANG_ENABLE_OBJC_ARC = YES;
				CLANG_ENABLE_OBJC_WEAK = YES;
				CLANG_WARN_BLOCK_CAPTURE_AUTORELEASING = YES;
				CLANG_WARN_BOOL_CONVERSION = YES;
				CLANG_WARN_COMMA = YES;
				CLANG_WARN_CONSTANT_CONVERSION = YES;
				CLANG_WARN_DEPRECATED_OBJC_IMPLEMENTATIONS = YES;
				CLANG_WARN_DIRECT_OBJC_ISA_USAGE = YES_ERROR;
				CLANG_WARN_DOCUMENTATION_COMMENTS = YES;
				CLANG_WARN_EMPTY_BODY = YES;
				CLANG_WARN_ENUM_CONVERSION = YES;
				CLANG_WARN_INFINITE_RECURSION = YES;
				CLANG_WARN_INT_CONVERSION = YES;
				CLANG_WARN_NON_LITERAL_NULL_CONVERSION = YES;
				CLANG_WARN_OBJC_IMPLICIT_RETAIN_SELF = YES;
				CLANG_WARN_OBJC_LITERAL_CONVERSION = YES;
				CLANG_WARN_OBJC_ROOT_CLASS = YES_ERROR;
				CLANG_WARN_QUOTED_INCLUDE_IN_FRAMEWORK_HEADER = YES;
				CLANG_WARN_RANGE_LOOP_ANALYSIS = YES;
				CLANG_WARN_STRICT_PROTOTYPES = YES;
				CLANG_WARN_SUSPICIOUS_MOVE = YES;
				CLANG_WARN_UNGUARDED_AVAILABILITY = YES_AGGRESSIVE;
				CLANG_WARN_UNREACHABLE_CODE = YES;
				CLANG_WARN__DUPLICATE_METHOD_MATCH = YES;
				COPY_PHASE_STRIP = NO;
				DEBUG_INFORMATION_FORMAT = dwarf;
				ENABLE_STRICT_OBJC_MSGSEND = YES;
				ENABLE_TESTABILITY = YES;
				GCC_C_LANGUAGE_STANDARD = gnu11;
				GCC_DYNAMIC_NO_PIC = NO;
				GCC_NO_COMMON_BLOCKS = YES;
				GCC_OPTIMIZATION_LEVEL = 0;
				GCC_PREPROCESSOR_DEFINITIONS = (
					"DEBUG=1",
					"$(inherited)",
				);
				GCC_WARN_64_TO_32_BIT_CONVERSION = YES;
				GCC_WARN_ABOUT_RETURN_TYPE = YES_ERROR;
				GCC_WARN_UNDECLARED_SELECTOR = YES;
				GCC_WARN_UNINITIALIZED_AUTOS = YES_AGGRESSIVE;
				GCC_WARN_UNUSED_FUNCTION = YES;
				GCC_WARN_UNUSED_VARIABLE = YES;
				IPHONEOS_DEPLOYMENT_TARGET = 15.5;
				MTL_ENABLE_DEBUG_INFO = INCLUDE_SOURCE;
				MTL_FAST_MATH = YES;
				ONLY_ACTIVE_ARCH = YES;
				SDKROOT = iphoneos;
				SWIFT_ACTIVE_COMPILATION_CONDITIONS = DEBUG;
				SWIFT_OPTIMIZATION_LEVEL = "-Onone";
			};
			name = Debug;
		};
		D495A22A2836AE9D006F6E01 /* Release */ = {
			isa = XCBuildConfiguration;
			buildSettings = {
				ALWAYS_SEARCH_USER_PATHS = NO;
				CLANG_ANALYZER_NONNULL = YES;
				CLANG_ANALYZER_NUMBER_OBJECT_CONVERSION = YES_AGGRESSIVE;
				CLANG_CXX_LANGUAGE_STANDARD = "gnu++17";
				CLANG_ENABLE_MODULES = YES;
				CLANG_ENABLE_OBJC_ARC = YES;
				CLANG_ENABLE_OBJC_WEAK = YES;
				CLANG_WARN_BLOCK_CAPTURE_AUTORELEASING = YES;
				CLANG_WARN_BOOL_CONVERSION = YES;
				CLANG_WARN_COMMA = YES;
				CLANG_WARN_CONSTANT_CONVERSION = YES;
				CLANG_WARN_DEPRECATED_OBJC_IMPLEMENTATIONS = YES;
				CLANG_WARN_DIRECT_OBJC_ISA_USAGE = YES_ERROR;
				CLANG_WARN_DOCUMENTATION_COMMENTS = YES;
				CLANG_WARN_EMPTY_BODY = YES;
				CLANG_WARN_ENUM_CONVERSION = YES;
				CLANG_WARN_INFINITE_RECURSION = YES;
				CLANG_WARN_INT_CONVERSION = YES;
				CLANG_WARN_NON_LITERAL_NULL_CONVERSION = YES;
				CLANG_WARN_OBJC_IMPLICIT_RETAIN_SELF = YES;
				CLANG_WARN_OBJC_LITERAL_CONVERSION = YES;
				CLANG_WARN_OBJC_ROOT_CLASS = YES_ERROR;
				CLANG_WARN_QUOTED_INCLUDE_IN_FRAMEWORK_HEADER = YES;
				CLANG_WARN_RANGE_LOOP_ANALYSIS = YES;
				CLANG_WARN_STRICT_PROTOTYPES = YES;
				CLANG_WARN_SUSPICIOUS_MOVE = YES;
				CLANG_WARN_UNGUARDED_AVAILABILITY = YES_AGGRESSIVE;
				CLANG_WARN_UNREACHABLE_CODE = YES;
				CLANG_WARN__DUPLICATE_METHOD_MATCH = YES;
				COPY_PHASE_STRIP = NO;
				DEBUG_INFORMATION_FORMAT = "dwarf-with-dsym";
				ENABLE_NS_ASSERTIONS = NO;
				ENABLE_STRICT_OBJC_MSGSEND = YES;
				GCC_C_LANGUAGE_STANDARD = gnu11;
				GCC_NO_COMMON_BLOCKS = YES;
				GCC_WARN_64_TO_32_BIT_CONVERSION = YES;
				GCC_WARN_ABOUT_RETURN_TYPE = YES_ERROR;
				GCC_WARN_UNDECLARED_SELECTOR = YES;
				GCC_WARN_UNINITIALIZED_AUTOS = YES_AGGRESSIVE;
				GCC_WARN_UNUSED_FUNCTION = YES;
				GCC_WARN_UNUSED_VARIABLE = YES;
				IPHONEOS_DEPLOYMENT_TARGET = 15.5;
				MTL_ENABLE_DEBUG_INFO = NO;
				MTL_FAST_MATH = YES;
				SDKROOT = iphoneos;
				SWIFT_COMPILATION_MODE = wholemodule;
				SWIFT_OPTIMIZATION_LEVEL = "-O";
				VALIDATE_PRODUCT = YES;
			};
			name = Release;
		};
		D495A22C2836AE9D006F6E01 /* Debug */ = {
			isa = XCBuildConfiguration;
			buildSettings = {
				ASSETCATALOG_COMPILER_APPICON_NAME = AppIcon;
				ASSETCATALOG_COMPILER_GLOBAL_ACCENT_COLOR_NAME = AccentColor;
				CODE_SIGN_STYLE = Automatic;
				CURRENT_PROJECT_VERSION = 1;
				DEVELOPMENT_ASSET_PATHS = "\"StateAndDataFlowSwiftUI/Preview Content\"";
				DEVELOPMENT_TEAM = VWJHPQLGW8;
				ENABLE_PREVIEWS = YES;
				GENERATE_INFOPLIST_FILE = YES;
				INFOPLIST_KEY_UIApplicationSceneManifest_Generation = YES;
				INFOPLIST_KEY_UIApplicationSupportsIndirectInputEvents = YES;
				INFOPLIST_KEY_UILaunchScreen_Generation = YES;
				INFOPLIST_KEY_UISupportedInterfaceOrientations_iPad = "UIInterfaceOrientationPortrait UIInterfaceOrientationPortraitUpsideDown UIInterfaceOrientationLandscapeLeft UIInterfaceOrientationLandscapeRight";
				INFOPLIST_KEY_UISupportedInterfaceOrientations_iPhone = "UIInterfaceOrientationPortrait UIInterfaceOrientationLandscapeLeft UIInterfaceOrientationLandscapeRight";
				LD_RUNPATH_SEARCH_PATHS = (
					"$(inherited)",
					"@executable_path/Frameworks",
				);
				MARKETING_VERSION = 1.0;
				PRODUCT_BUNDLE_IDENTIFIER = AleksandrF..StateAndDataFlowSwiftUI;
				PRODUCT_NAME = "$(TARGET_NAME)";
				SWIFT_EMIT_LOC_STRINGS = YES;
				SWIFT_VERSION = 5.0;
				TARGETED_DEVICE_FAMILY = "1,2";
			};
			name = Debug;
		};
		D495A22D2836AE9D006F6E01 /* Release */ = {
			isa = XCBuildConfiguration;
			buildSettings = {
				ASSETCATALOG_COMPILER_APPICON_NAME = AppIcon;
				ASSETCATALOG_COMPILER_GLOBAL_ACCENT_COLOR_NAME = AccentColor;
				CODE_SIGN_STYLE = Automatic;
				CURRENT_PROJECT_VERSION = 1;
				DEVELOPMENT_ASSET_PATHS = "\"StateAndDataFlowSwiftUI/Preview Content\"";
				DEVELOPMENT_TEAM = VWJHPQLGW8;
				ENABLE_PREVIEWS = YES;
				GENERATE_INFOPLIST_FILE = YES;
				INFOPLIST_KEY_UIApplicationSceneManifest_Generation = YES;
				INFOPLIST_KEY_UIApplicationSupportsIndirectInputEvents = YES;
				INFOPLIST_KEY_UILaunchScreen_Generation = YES;
				INFOPLIST_KEY_UISupportedInterfaceOrientations_iPad = "UIInterfaceOrientationPortrait UIInterfaceOrientationPortraitUpsideDown UIInterfaceOrientationLandscapeLeft UIInterfaceOrientationLandscapeRight";
				INFOPLIST_KEY_UISupportedInterfaceOrientations_iPhone = "UIInterfaceOrientationPortrait UIInterfaceOrientationLandscapeLeft UIInterfaceOrientationLandscapeRight";
				LD_RUNPATH_SEARCH_PATHS = (
					"$(inherited)",
					"@executable_path/Frameworks",
				);
				MARKETING_VERSION = 1.0;
				PRODUCT_BUNDLE_IDENTIFIER = AleksandrF..StateAndDataFlowSwiftUI;
				PRODUCT_NAME = "$(TARGET_NAME)";
				SWIFT_EMIT_LOC_STRINGS = YES;
				SWIFT_VERSION = 5.0;
				TARGETED_DEVICE_FAMILY = "1,2";
			};
			name = Release;
		};
/* End XCBuildConfiguration section */

/* Begin XCConfigurationList section */
		D495A2182836AE9C006F6E01 /* Build configuration list for PBXProject "StateAndDataFlowSwiftUI" */ = {
			isa = XCConfigurationList;
			buildConfigurations = (
				D495A2292836AE9D006F6E01 /* Debug */,
				D495A22A2836AE9D006F6E01 /* Release */,
			);
			defaultConfigurationIsVisible = 0;
			defaultConfigurationName = Release;
		};
		D495A22B2836AE9D006F6E01 /* Build configuration list for PBXNativeTarget "StateAndDataFlowSwiftUI" */ = {
			isa = XCConfigurationList;
			buildConfigurations = (
				D495A22C2836AE9D006F6E01 /* Debug */,
				D495A22D2836AE9D006F6E01 /* Release */,
			);
			defaultConfigurationIsVisible = 0;
			defaultConfigurationName = Release;
		};
/* End XCConfigurationList section */
	};
	rootObject = D495A2152836AE9C006F6E01 /* Project object */;
}
